// !$*UTF8*$!
{
	archiveVersion = 1;
	classes = {
	};
	objectVersion = 46;
	objects = {

/* Begin PBXBuildFile section */
		1708A419AF37C87D43292D41 /* Pods_Forecast.framework in Frameworks */ = {isa = PBXBuildFile; fileRef = 934898024BDFC00E65A9AEDB /* Pods_Forecast.framework */; };
		9E2F3528B905343B5307AFB3 /* Pods_ForecastUITests.framework in Frameworks */ = {isa = PBXBuildFile; fileRef = 35426906A78665E68F8059EF /* Pods_ForecastUITests.framework */; };
		EC0205B01E952A2800EF2408 /* AppDelegate.swift in Sources */ = {isa = PBXBuildFile; fileRef = EC0205AF1E952A2800EF2408 /* AppDelegate.swift */; };
		EC0205B21E952A2800EF2408 /* ViewController.swift in Sources */ = {isa = PBXBuildFile; fileRef = EC0205B11E952A2800EF2408 /* ViewController.swift */; };
		EC0205B51E952A2800EF2408 /* Main.storyboard in Resources */ = {isa = PBXBuildFile; fileRef = EC0205B31E952A2800EF2408 /* Main.storyboard */; };
		EC0205B71E952A2800EF2408 /* Assets.xcassets in Resources */ = {isa = PBXBuildFile; fileRef = EC0205B61E952A2800EF2408 /* Assets.xcassets */; };
		EC0205BA1E952A2800EF2408 /* LaunchScreen.storyboard in Resources */ = {isa = PBXBuildFile; fileRef = EC0205B81E952A2800EF2408 /* LaunchScreen.storyboard */; };
		EC0205C51E952A2800EF2408 /* ForecastTests.swift in Sources */ = {isa = PBXBuildFile; fileRef = EC0205C41E952A2800EF2408 /* ForecastTests.swift */; };
		EC0205D01E952A2800EF2408 /* ForecastUITests.swift in Sources */ = {isa = PBXBuildFile; fileRef = EC0205CF1E952A2800EF2408 /* ForecastUITests.swift */; };
		EC0205DF1E95343900EF2408 /* CoreLocation.framework in Frameworks */ = {isa = PBXBuildFile; fileRef = EC0205DE1E95343900EF2408 /* CoreLocation.framework */; };
		EC0205E11E9552FD00EF2408 /* Meteo.swift in Sources */ = {isa = PBXBuildFile; fileRef = EC0205E01E9552FD00EF2408 /* Meteo.swift */; };
		EC5CBF981E95790700C8CDAF /* MeteoTableViewCell.swift in Sources */ = {isa = PBXBuildFile; fileRef = EC5CBF971E95790700C8CDAF /* MeteoTableViewCell.swift */; };
		EC8E61751E9658AB00AB8AA0 /* clear-day.png in Resources */ = {isa = PBXBuildFile; fileRef = EC8E61741E9658AB00AB8AA0 /* clear-day.png */; };
		EC8E61771E9658BE00AB8AA0 /* wind.png in Resources */ = {isa = PBXBuildFile; fileRef = EC8E61761E9658BE00AB8AA0 /* wind.png */; };
		EC8E61791E9658C600AB8AA0 /* clear-night.png in Resources */ = {isa = PBXBuildFile; fileRef = EC8E61781E9658C600AB8AA0 /* clear-night.png */; };
		EC8E617B1E9658C900AB8AA0 /* partly-cloudy-night.png in Resources */ = {isa = PBXBuildFile; fileRef = EC8E617A1E9658C900AB8AA0 /* partly-cloudy-night.png */; };
		EC8E617D1E9658CF00AB8AA0 /* partly-cloudy-day.png in Resources */ = {isa = PBXBuildFile; fileRef = EC8E617C1E9658CF00AB8AA0 /* partly-cloudy-day.png */; };
		EDCE3FFA71541E40E94A3CEA /* Pods_ForecastTests.framework in Frameworks */ = {isa = PBXBuildFile; fileRef = 0B8650591B782116A3A9957A /* Pods_ForecastTests.framework */; };
/* End PBXBuildFile section */

/* Begin PBXContainerItemProxy section */
		EC0205C11E952A2800EF2408 /* PBXContainerItemProxy */ = {
			isa = PBXContainerItemProxy;
			containerPortal = EC0205A41E952A2700EF2408 /* Project object */;
			proxyType = 1;
			remoteGlobalIDString = EC0205AB1E952A2700EF2408;
			remoteInfo = Forecast;
		};
		EC0205CC1E952A2800EF2408 /* PBXContainerItemProxy */ = {
			isa = PBXContainerItemProxy;
			containerPortal = EC0205A41E952A2700EF2408 /* Project object */;
			proxyType = 1;
			remoteGlobalIDString = EC0205AB1E952A2700EF2408;
			remoteInfo = Forecast;
		};
/* End PBXContainerItemProxy section */

/* Begin PBXFileReference section */
		018EE2C57071461E34E3ED4A /* Pods-Forecast.debug.xcconfig */ = {isa = PBXFileReference; includeInIndex = 1; lastKnownFileType = text.xcconfig; name = "Pods-Forecast.debug.xcconfig"; path = "Pods/Target Support Files/Pods-Forecast/Pods-Forecast.debug.xcconfig"; sourceTree = "<group>"; };
		0B8650591B782116A3A9957A /* Pods_ForecastTests.framework */ = {isa = PBXFileReference; explicitFileType = wrapper.framework; includeInIndex = 0; path = Pods_ForecastTests.framework; sourceTree = BUILT_PRODUCTS_DIR; };
		26407969C2767238FBA32968 /* Pods-ForecastUITests.debug.xcconfig */ = {isa = PBXFileReference; includeInIndex = 1; lastKnownFileType = text.xcconfig; name = "Pods-ForecastUITests.debug.xcconfig"; path = "Pods/Target Support Files/Pods-ForecastUITests/Pods-ForecastUITests.debug.xcconfig"; sourceTree = "<group>"; };
		35426906A78665E68F8059EF /* Pods_ForecastUITests.framework */ = {isa = PBXFileReference; explicitFileType = wrapper.framework; includeInIndex = 0; path = Pods_ForecastUITests.framework; sourceTree = BUILT_PRODUCTS_DIR; };
		3880FDF0F1FFB54389450ED7 /* Pods-Forecast.release.xcconfig */ = {isa = PBXFileReference; includeInIndex = 1; lastKnownFileType = text.xcconfig; name = "Pods-Forecast.release.xcconfig"; path = "Pods/Target Support Files/Pods-Forecast/Pods-Forecast.release.xcconfig"; sourceTree = "<group>"; };
		57FB8124565CD29CF7CF648B /* Pods-ForecastTests.debug.xcconfig */ = {isa = PBXFileReference; includeInIndex = 1; lastKnownFileType = text.xcconfig; name = "Pods-ForecastTests.debug.xcconfig"; path = "Pods/Target Support Files/Pods-ForecastTests/Pods-ForecastTests.debug.xcconfig"; sourceTree = "<group>"; };
		72563B65BB7206CE18CD49A8 /* Pods-ForecastTests.release.xcconfig */ = {isa = PBXFileReference; includeInIndex = 1; lastKnownFileType = text.xcconfig; name = "Pods-ForecastTests.release.xcconfig"; path = "Pods/Target Support Files/Pods-ForecastTests/Pods-ForecastTests.release.xcconfig"; sourceTree = "<group>"; };
		934898024BDFC00E65A9AEDB /* Pods_Forecast.framework */ = {isa = PBXFileReference; explicitFileType = wrapper.framework; includeInIndex = 0; path = Pods_Forecast.framework; sourceTree = BUILT_PRODUCTS_DIR; };
		9FF8308354199C1DF97DFAFB /* Pods-ForecastUITests.release.xcconfig */ = {isa = PBXFileReference; includeInIndex = 1; lastKnownFileType = text.xcconfig; name = "Pods-ForecastUITests.release.xcconfig"; path = "Pods/Target Support Files/Pods-ForecastUITests/Pods-ForecastUITests.release.xcconfig"; sourceTree = "<group>"; };
		EC0205AC1E952A2800EF2408 /* Forecast.app */ = {isa = PBXFileReference; explicitFileType = wrapper.application; includeInIndex = 0; path = Forecast.app; sourceTree = BUILT_PRODUCTS_DIR; };
		EC0205AF1E952A2800EF2408 /* AppDelegate.swift */ = {isa = PBXFileReference; lastKnownFileType = sourcecode.swift; path = AppDelegate.swift; sourceTree = "<group>"; };
		EC0205B11E952A2800EF2408 /* ViewController.swift */ = {isa = PBXFileReference; lastKnownFileType = sourcecode.swift; path = ViewController.swift; sourceTree = "<group>"; };
		EC0205B41E952A2800EF2408 /* Base */ = {isa = PBXFileReference; lastKnownFileType = file.storyboard; name = Base; path = Base.lproj/Main.storyboard; sourceTree = "<group>"; };
		EC0205B61E952A2800EF2408 /* Assets.xcassets */ = {isa = PBXFileReference; lastKnownFileType = folder.assetcatalog; path = Assets.xcassets; sourceTree = "<group>"; };
		EC0205B91E952A2800EF2408 /* Base */ = {isa = PBXFileReference; lastKnownFileType = file.storyboard; name = Base; path = Base.lproj/LaunchScreen.storyboard; sourceTree = "<group>"; };
		EC0205BB1E952A2800EF2408 /* Info.plist */ = {isa = PBXFileReference; lastKnownFileType = text.plist.xml; path = Info.plist; sourceTree = "<group>"; };
		EC0205C01E952A2800EF2408 /* ForecastTests.xctest */ = {isa = PBXFileReference; explicitFileType = wrapper.cfbundle; includeInIndex = 0; path = ForecastTests.xctest; sourceTree = BUILT_PRODUCTS_DIR; };
		EC0205C41E952A2800EF2408 /* ForecastTests.swift */ = {isa = PBXFileReference; lastKnownFileType = sourcecode.swift; path = ForecastTests.swift; sourceTree = "<group>"; };
		EC0205C61E952A2800EF2408 /* Info.plist */ = {isa = PBXFileReference; lastKnownFileType = text.plist.xml; path = Info.plist; sourceTree = "<group>"; };
		EC0205CB1E952A2800EF2408 /* ForecastUITests.xctest */ = {isa = PBXFileReference; explicitFileType = wrapper.cfbundle; includeInIndex = 0; path = ForecastUITests.xctest; sourceTree = BUILT_PRODUCTS_DIR; };
		EC0205CF1E952A2800EF2408 /* ForecastUITests.swift */ = {isa = PBXFileReference; lastKnownFileType = sourcecode.swift; path = ForecastUITests.swift; sourceTree = "<group>"; };
		EC0205D11E952A2800EF2408 /* Info.plist */ = {isa = PBXFileReference; lastKnownFileType = text.plist.xml; path = Info.plist; sourceTree = "<group>"; };
		EC0205DE1E95343900EF2408 /* CoreLocation.framework */ = {isa = PBXFileReference; lastKnownFileType = wrapper.framework; name = CoreLocation.framework; path = System/Library/Frameworks/CoreLocation.framework; sourceTree = SDKROOT; };
		EC0205E01E9552FD00EF2408 /* Meteo.swift */ = {isa = PBXFileReference; fileEncoding = 4; lastKnownFileType = sourcecode.swift; path = Meteo.swift; sourceTree = "<group>"; };
		EC5CBF971E95790700C8CDAF /* MeteoTableViewCell.swift */ = {isa = PBXFileReference; fileEncoding = 4; lastKnownFileType = sourcecode.swift; path = MeteoTableViewCell.swift; sourceTree = "<group>"; };
		EC8E61741E9658AB00AB8AA0 /* clear-day.png */ = {isa = PBXFileReference; lastKnownFileType = image.png; path = "clear-day.png"; sourceTree = "<group>"; };
		EC8E61761E9658BE00AB8AA0 /* wind.png */ = {isa = PBXFileReference; lastKnownFileType = image.png; path = wind.png; sourceTree = "<group>"; };
		EC8E61781E9658C600AB8AA0 /* clear-night.png */ = {isa = PBXFileReference; lastKnownFileType = image.png; path = "clear-night.png"; sourceTree = "<group>"; };
		EC8E617A1E9658C900AB8AA0 /* partly-cloudy-night.png */ = {isa = PBXFileReference; lastKnownFileType = image.png; path = "partly-cloudy-night.png"; sourceTree = "<group>"; };
		EC8E617C1E9658CF00AB8AA0 /* partly-cloudy-day.png */ = {isa = PBXFileReference; lastKnownFileType = image.png; path = "partly-cloudy-day.png"; sourceTree = "<group>"; };
/* End PBXFileReference section */

/* Begin PBXFrameworksBuildPhase section */
		EC0205A91E952A2700EF2408 /* Frameworks */ = {
			isa = PBXFrameworksBuildPhase;
			buildActionMask = 2147483647;
			files = (
				EC0205DF1E95343900EF2408 /* CoreLocation.framework in Frameworks */,
				1708A419AF37C87D43292D41 /* Pods_Forecast.framework in Frameworks */,
			);
			runOnlyForDeploymentPostprocessing = 0;
		};
		EC0205BD1E952A2800EF2408 /* Frameworks */ = {
			isa = PBXFrameworksBuildPhase;
			buildActionMask = 2147483647;
			files = (
				EDCE3FFA71541E40E94A3CEA /* Pods_ForecastTests.framework in Frameworks */,
			);
			runOnlyForDeploymentPostprocessing = 0;
		};
		EC0205C81E952A2800EF2408 /* Frameworks */ = {
			isa = PBXFrameworksBuildPhase;
			buildActionMask = 2147483647;
			files = (
				9E2F3528B905343B5307AFB3 /* Pods_ForecastUITests.framework in Frameworks */,
			);
			runOnlyForDeploymentPostprocessing = 0;
		};
/* End PBXFrameworksBuildPhase section */

/* Begin PBXGroup section */
		29362C8524772B20C0820BD2 /* Pods */ = {
			isa = PBXGroup;
			children = (
				018EE2C57071461E34E3ED4A /* Pods-Forecast.debug.xcconfig */,
				3880FDF0F1FFB54389450ED7 /* Pods-Forecast.release.xcconfig */,
				57FB8124565CD29CF7CF648B /* Pods-ForecastTests.debug.xcconfig */,
				72563B65BB7206CE18CD49A8 /* Pods-ForecastTests.release.xcconfig */,
				26407969C2767238FBA32968 /* Pods-ForecastUITests.debug.xcconfig */,
				9FF8308354199C1DF97DFAFB /* Pods-ForecastUITests.release.xcconfig */,
			);
			name = Pods;
			sourceTree = "<group>";
		};
		EC0205A31E952A2700EF2408 = {
			isa = PBXGroup;
			children = (
				EC0205AE1E952A2800EF2408 /* Forecast */,
				EC0205C31E952A2800EF2408 /* ForecastTests */,
				EC0205CE1E952A2800EF2408 /* ForecastUITests */,
				EC0205AD1E952A2800EF2408 /* Products */,
				EC0205DD1E95343800EF2408 /* Frameworks */,
				29362C8524772B20C0820BD2 /* Pods */,
			);
			sourceTree = "<group>";
		};
		EC0205AD1E952A2800EF2408 /* Products */ = {
			isa = PBXGroup;
			children = (
				EC0205AC1E952A2800EF2408 /* Forecast.app */,
				EC0205C01E952A2800EF2408 /* ForecastTests.xctest */,
				EC0205CB1E952A2800EF2408 /* ForecastUITests.xctest */,
			);
			name = Products;
			sourceTree = "<group>";
		};
		EC0205AE1E952A2800EF2408 /* Forecast */ = {
			isa = PBXGroup;
			children = (
				EC0205AF1E952A2800EF2408 /* AppDelegate.swift */,
				EC0205B11E952A2800EF2408 /* ViewController.swift */,
				EC0205E01E9552FD00EF2408 /* Meteo.swift */,
				EC5CBF971E95790700C8CDAF /* MeteoTableViewCell.swift */,
				EC0205B31E952A2800EF2408 /* Main.storyboard */,
				EC0205B61E952A2800EF2408 /* Assets.xcassets */,
				EC0205B81E952A2800EF2408 /* LaunchScreen.storyboard */,
				EC8E61711E96565400AB8AA0 /* Images */,
				EC0205BB1E952A2800EF2408 /* Info.plist */,
			);
			path = Forecast;
			sourceTree = "<group>";
		};
		EC0205C31E952A2800EF2408 /* ForecastTests */ = {
			isa = PBXGroup;
			children = (
				EC0205C41E952A2800EF2408 /* ForecastTests.swift */,
				EC0205C61E952A2800EF2408 /* Info.plist */,
			);
			path = ForecastTests;
			sourceTree = "<group>";
		};
		EC0205CE1E952A2800EF2408 /* ForecastUITests */ = {
			isa = PBXGroup;
			children = (
				EC0205CF1E952A2800EF2408 /* ForecastUITests.swift */,
				EC0205D11E952A2800EF2408 /* Info.plist */,
			);
			path = ForecastUITests;
			sourceTree = "<group>";
		};
		EC0205DD1E95343800EF2408 /* Frameworks */ = {
			isa = PBXGroup;
			children = (
				EC0205DE1E95343900EF2408 /* CoreLocation.framework */,
				934898024BDFC00E65A9AEDB /* Pods_Forecast.framework */,
				0B8650591B782116A3A9957A /* Pods_ForecastTests.framework */,
				35426906A78665E68F8059EF /* Pods_ForecastUITests.framework */,
			);
			name = Frameworks;
			sourceTree = "<group>";
		};
		EC8E61711E96565400AB8AA0 /* Images */ = {
			isa = PBXGroup;
			children = (
				EC8E61761E9658BE00AB8AA0 /* wind.png */,
				EC8E617A1E9658C900AB8AA0 /* partly-cloudy-night.png */,
				EC8E617C1E9658CF00AB8AA0 /* partly-cloudy-day.png */,
				EC8E61781E9658C600AB8AA0 /* clear-night.png */,
				EC8E61741E9658AB00AB8AA0 /* clear-day.png */,
			);
			name = Images;
			sourceTree = "<group>";
		};
/* End PBXGroup section */

/* Begin PBXNativeTarget section */
		EC0205AB1E952A2700EF2408 /* Forecast */ = {
			isa = PBXNativeTarget;
			buildConfigurationList = EC0205D41E952A2800EF2408 /* Build configuration list for PBXNativeTarget "Forecast" */;
			buildPhases = (
				D108744B516F5D300027FF72 /* [CP] Check Pods Manifest.lock */,
				EC0205A81E952A2700EF2408 /* Sources */,
				EC0205A91E952A2700EF2408 /* Frameworks */,
				EC0205AA1E952A2700EF2408 /* Resources */,
				EA6769FFD9FF11390E28C0B0 /* [CP] Embed Pods Frameworks */,
				B3FF769555F21C6C1E584434 /* [CP] Copy Pods Resources */,
			);
			buildRules = (
			);
			dependencies = (
			);
			name = Forecast;
			productName = Forecast;
			productReference = EC0205AC1E952A2800EF2408 /* Forecast.app */;
			productType = "com.apple.product-type.application";
		};
		EC0205BF1E952A2800EF2408 /* ForecastTests */ = {
			isa = PBXNativeTarget;
			buildConfigurationList = EC0205D71E952A2800EF2408 /* Build configuration list for PBXNativeTarget "ForecastTests" */;
			buildPhases = (
				8B1DD6064A6EF0241FFD3415 /* [CP] Check Pods Manifest.lock */,
				EC0205BC1E952A2800EF2408 /* Sources */,
				EC0205BD1E952A2800EF2408 /* Frameworks */,
				EC0205BE1E952A2800EF2408 /* Resources */,
				DA818F08503EB530F33783AD /* [CP] Embed Pods Frameworks */,
				87AFCF19E1EA149A89388ABA /* [CP] Copy Pods Resources */,
			);
			buildRules = (
			);
			dependencies = (
				EC0205C21E952A2800EF2408 /* PBXTargetDependency */,
			);
			name = ForecastTests;
			productName = ForecastTests;
			productReference = EC0205C01E952A2800EF2408 /* ForecastTests.xctest */;
			productType = "com.apple.product-type.bundle.unit-test";
		};
		EC0205CA1E952A2800EF2408 /* ForecastUITests */ = {
			isa = PBXNativeTarget;
			buildConfigurationList = EC0205DA1E952A2800EF2408 /* Build configuration list for PBXNativeTarget "ForecastUITests" */;
			buildPhases = (
				E7E40A68D97A4DBA500001E8 /* [CP] Check Pods Manifest.lock */,
				EC0205C71E952A2800EF2408 /* Sources */,
				EC0205C81E952A2800EF2408 /* Frameworks */,
				EC0205C91E952A2800EF2408 /* Resources */,
				9750C44A59335CD6E358F233 /* [CP] Embed Pods Frameworks */,
				BFA1A6E1577345345B4E8534 /* [CP] Copy Pods Resources */,
			);
			buildRules = (
			);
			dependencies = (
				EC0205CD1E952A2800EF2408 /* PBXTargetDependency */,
			);
			name = ForecastUITests;
			productName = ForecastUITests;
			productReference = EC0205CB1E952A2800EF2408 /* ForecastUITests.xctest */;
			productType = "com.apple.product-type.bundle.ui-testing";
		};
/* End PBXNativeTarget section */

/* Begin PBXProject section */
		EC0205A41E952A2700EF2408 /* Project object */ = {
			isa = PBXProject;
			attributes = {
				LastSwiftUpdateCheck = 0820;
				LastUpgradeCheck = 0820;
				ORGANIZATIONNAME = "Maxime BINET";
				TargetAttributes = {
					EC0205AB1E952A2700EF2408 = {
						CreatedOnToolsVersion = 8.2.1;
						DevelopmentTeam = UACC36B9X3;
						ProvisioningStyle = Automatic;
					};
					EC0205BF1E952A2800EF2408 = {
						CreatedOnToolsVersion = 8.2.1;
						ProvisioningStyle = Automatic;
						TestTargetID = EC0205AB1E952A2700EF2408;
					};
					EC0205CA1E952A2800EF2408 = {
						CreatedOnToolsVersion = 8.2.1;
						ProvisioningStyle = Automatic;
						TestTargetID = EC0205AB1E952A2700EF2408;
					};
				};
			};
			buildConfigurationList = EC0205A71E952A2700EF2408 /* Build configuration list for PBXProject "Forecast" */;
			compatibilityVersion = "Xcode 3.2";
			developmentRegion = English;
			hasScannedForEncodings = 0;
			knownRegions = (
				en,
				Base,
			);
			mainGroup = EC0205A31E952A2700EF2408;
			productRefGroup = EC0205AD1E952A2800EF2408 /* Products */;
			projectDirPath = "";
			projectRoot = "";
			targets = (
				EC0205AB1E952A2700EF2408 /* Forecast */,
				EC0205BF1E952A2800EF2408 /* ForecastTests */,
				EC0205CA1E952A2800EF2408 /* ForecastUITests */,
			);
		};
/* End PBXProject section */

/* Begin PBXResourcesBuildPhase section */
		EC0205AA1E952A2700EF2408 /* Resources */ = {
			isa = PBXResourcesBuildPhase;
			buildActionMask = 2147483647;
			files = (
				EC0205BA1E952A2800EF2408 /* LaunchScreen.storyboard in Resources */,
				EC8E61771E9658BE00AB8AA0 /* wind.png in Resources */,
				EC8E617B1E9658C900AB8AA0 /* partly-cloudy-night.png in Resources */,
				EC8E61751E9658AB00AB8AA0 /* clear-day.png in Resources */,
				EC8E617D1E9658CF00AB8AA0 /* partly-cloudy-day.png in Resources */,
				EC0205B71E952A2800EF2408 /* Assets.xcassets in Resources */,
				EC8E61791E9658C600AB8AA0 /* clear-night.png in Resources */,
				EC0205B51E952A2800EF2408 /* Main.storyboard in Resources */,
			);
			runOnlyForDeploymentPostprocessing = 0;
		};
		EC0205BE1E952A2800EF2408 /* Resources */ = {
			isa = PBXResourcesBuildPhase;
			buildActionMask = 2147483647;
			files = (
			);
			runOnlyForDeploymentPostprocessing = 0;
		};
		EC0205C91E952A2800EF2408 /* Resources */ = {
			isa = PBXResourcesBuildPhase;
			buildActionMask = 2147483647;
			files = (
			);
			runOnlyForDeploymentPostprocessing = 0;
		};
/* End PBXResourcesBuildPhase section */

/* Begin PBXShellScriptBuildPhase section */
		87AFCF19E1EA149A89388ABA /* [CP] Copy Pods Resources */ = {
			isa = PBXShellScriptBuildPhase;
			buildActionMask = 2147483647;
			files = (
			);
			inputPaths = (
			);
			name = "[CP] Copy Pods Resources";
			outputPaths = (
			);
			runOnlyForDeploymentPostprocessing = 0;
			shellPath = /bin/sh;
			shellScript = "\"${SRCROOT}/Pods/Target Support Files/Pods-ForecastTests/Pods-ForecastTests-resources.sh\"\n";
			showEnvVarsInLog = 0;
		};
		8B1DD6064A6EF0241FFD3415 /* [CP] Check Pods Manifest.lock */ = {
			isa = PBXShellScriptBuildPhase;
			buildActionMask = 2147483647;
			files = (
			);
			inputPaths = (
			);
			name = "[CP] Check Pods Manifest.lock";
			outputPaths = (
			);
			runOnlyForDeploymentPostprocessing = 0;
			shellPath = /bin/sh;
			shellScript = "diff \"${PODS_ROOT}/../Podfile.lock\" \"${PODS_ROOT}/Manifest.lock\" > /dev/null\nif [ $? != 0 ] ; then\n    # print error to STDERR\n    echo \"error: The sandbox is not in sync with the Podfile.lock. Run 'pod install' or update your CocoaPods installation.\" >&2\n    exit 1\nfi\n";
			showEnvVarsInLog = 0;
		};
		9750C44A59335CD6E358F233 /* [CP] Embed Pods Frameworks */ = {
			isa = PBXShellScriptBuildPhase;
			buildActionMask = 2147483647;
			files = (
			);
			inputPaths = (
			);
			name = "[CP] Embed Pods Frameworks";
			outputPaths = (
			);
			runOnlyForDeploymentPostprocessing = 0;
			shellPath = /bin/sh;
			shellScript = "\"${SRCROOT}/Pods/Target Support Files/Pods-ForecastUITests/Pods-ForecastUITests-frameworks.sh\"\n";
			showEnvVarsInLog = 0;
		};
		B3FF769555F21C6C1E584434 /* [CP] Copy Pods Resources */ = {
			isa = PBXShellScriptBuildPhase;
			buildActionMask = 2147483647;
			files = (
			);
			inputPaths = (
			);
			name = "[CP] Copy Pods Resources";
			outputPaths = (
			);
			runOnlyForDeploymentPostprocessing = 0;
			shellPath = /bin/sh;
			shellScript = "\"${SRCROOT}/Pods/Target Support Files/Pods-Forecast/Pods-Forecast-resources.sh\"\n";
			showEnvVarsInLog = 0;
		};
		BFA1A6E1577345345B4E8534 /* [CP] Copy Pods Resources */ = {
			isa = PBXShellScriptBuildPhase;
			buildActionMask = 2147483647;
			files = (
			);
			inputPaths = (
			);
			name = "[CP] Copy Pods Resources";
			outputPaths = (
			);
			runOnlyForDeploymentPostprocessing = 0;
			shellPath = /bin/sh;
			shellScript = "\"${SRCROOT}/Pods/Target Support Files/Pods-ForecastUITests/Pods-ForecastUITests-resources.sh\"\n";
			showEnvVarsInLog = 0;
		};
		D108744B516F5D300027FF72 /* [CP] Check Pods Manifest.lock */ = {
			isa = PBXShellScriptBuildPhase;
			buildActionMask = 2147483647;
			files = (
			);
			inputPaths = (
			);
			name = "[CP] Check Pods Manifest.lock";
			outputPaths = (
			);
			runOnlyForDeploymentPostprocessing = 0;
			shellPath = /bin/sh;
			shellScript = "diff \"${PODS_ROOT}/../Podfile.lock\" \"${PODS_ROOT}/Manifest.lock\" > /dev/null\nif [ $? != 0 ] ; then\n    # print error to STDERR\n    echo \"error: The sandbox is not in sync with the Podfile.lock. Run 'pod install' or update your CocoaPods installation.\" >&2\n    exit 1\nfi\n";
			showEnvVarsInLog = 0;
		};
		DA818F08503EB530F33783AD /* [CP] Embed Pods Frameworks */ = {
			isa = PBXShellScriptBuildPhase;
			buildActionMask = 2147483647;
			files = (
			);
			inputPaths = (
			);
			name = "[CP] Embed Pods Frameworks";
			outputPaths = (
			);
			runOnlyForDeploymentPostprocessing = 0;
			shellPath = /bin/sh;
			shellScript = "\"${SRCROOT}/Pods/Target Support Files/Pods-ForecastTests/Pods-ForecastTests-frameworks.sh\"\n";
			showEnvVarsInLog = 0;
		};
		E7E40A68D97A4DBA500001E8 /* [CP] Check Pods Manifest.lock */ = {
			isa = PBXShellScriptBuildPhase;
			buildActionMask = 2147483647;
			files = (
			);
			inputPaths = (
			);
			name = "[CP] Check Pods Manifest.lock";
			outputPaths = (
			);
			runOnlyForDeploymentPostprocessing = 0;
			shellPath = /bin/sh;
			shellScript = "diff \"${PODS_ROOT}/../Podfile.lock\" \"${PODS_ROOT}/Manifest.lock\" > /dev/null\nif [ $? != 0 ] ; then\n    # print error to STDERR\n    echo \"error: The sandbox is not in sync with the Podfile.lock. Run 'pod install' or update your CocoaPods installation.\" >&2\n    exit 1\nfi\n";
			showEnvVarsInLog = 0;
		};
		EA6769FFD9FF11390E28C0B0 /* [CP] Embed Pods Frameworks */ = {
			isa = PBXShellScriptBuildPhase;
			buildActionMask = 2147483647;
			files = (
			);
			inputPaths = (
			);
			name = "[CP] Embed Pods Frameworks";
			outputPaths = (
			);
			runOnlyForDeploymentPostprocessing = 0;
			shellPath = /bin/sh;
			shellScript = "\"${SRCROOT}/Pods/Target Support Files/Pods-Forecast/Pods-Forecast-frameworks.sh\"\n";
			showEnvVarsInLog = 0;
		};
/* End PBXShellScriptBuildPhase section */

/* Begin PBXSourcesBuildPhase section */
		EC0205A81E952A2700EF2408 /* Sources */ = {
			isa = PBXSourcesBuildPhase;
			buildActionMask = 2147483647;
			files = (
				EC5CBF981E95790700C8CDAF /* MeteoTableViewCell.swift in Sources */,
				EC0205E11E9552FD00EF2408 /* Meteo.swift in Sources */,
				EC0205B21E952A2800EF2408 /* ViewController.swift in Sources */,
				EC0205B01E952A2800EF2408 /* AppDelegate.swift in Sources */,
			);
			runOnlyForDeploymentPostprocessing = 0;
		};
		EC0205BC1E952A2800EF2408 /* Sources */ = {
			isa = PBXSourcesBuildPhase;
			buildActionMask = 2147483647;
			files = (
				EC0205C51E952A2800EF2408 /* ForecastTests.swift in Sources */,
			);
			runOnlyForDeploymentPostprocessing = 0;
		};
		EC0205C71E952A2800EF2408 /* Sources */ = {
			isa = PBXSourcesBuildPhase;
			buildActionMask = 2147483647;
			files = (
				EC0205D01E952A2800EF2408 /* ForecastUITests.swift in Sources */,
			);
			runOnlyForDeploymentPostprocessing = 0;
		};
/* End PBXSourcesBuildPhase section */

/* Begin PBXTargetDependency section */
		EC0205C21E952A2800EF2408 /* PBXTargetDependency */ = {
			isa = PBXTargetDependency;
			target = EC0205AB1E952A2700EF2408 /* Forecast */;
			targetProxy = EC0205C11E952A2800EF2408 /* PBXContainerItemProxy */;
		};
		EC0205CD1E952A2800EF2408 /* PBXTargetDependency */ = {
			isa = PBXTargetDependency;
			target = EC0205AB1E952A2700EF2408 /* Forecast */;
			targetProxy = EC0205CC1E952A2800EF2408 /* PBXContainerItemProxy */;
		};
/* End PBXTargetDependency section */

/* Begin PBXVariantGroup section */
		EC0205B31E952A2800EF2408 /* Main.storyboard */ = {
			isa = PBXVariantGroup;
			children = (
				EC0205B41E952A2800EF2408 /* Base */,
			);
			name = Main.storyboard;
			sourceTree = "<group>";
		};
		EC0205B81E952A2800EF2408 /* LaunchScreen.storyboard */ = {
			isa = PBXVariantGroup;
			children = (
				EC0205B91E952A2800EF2408 /* Base */,
			);
			name = LaunchScreen.storyboard;
			sourceTree = "<group>";
		};
/* End PBXVariantGroup section */

/* Begin XCBuildConfiguration section */
		EC0205D21E952A2800EF2408 /* Debug */ = {
			isa = XCBuildConfiguration;
			buildSettings = {
				ALWAYS_SEARCH_USER_PATHS = NO;
				CLANG_ANALYZER_NONNULL = YES;
				CLANG_CXX_LANGUAGE_STANDARD = "gnu++0x";
				CLANG_CXX_LIBRARY = "libc++";
				CLANG_ENABLE_MODULES = YES;
				CLANG_ENABLE_OBJC_ARC = YES;
				CLANG_WARN_BOOL_CONVERSION = YES;
				CLANG_WARN_CONSTANT_CONVERSION = YES;
				CLANG_WARN_DIRECT_OBJC_ISA_USAGE = YES_ERROR;
				CLANG_WARN_DOCUMENTATION_COMMENTS = YES;
				CLANG_WARN_EMPTY_BODY = YES;
				CLANG_WARN_ENUM_CONVERSION = YES;
				CLANG_WARN_INFINITE_RECURSION = YES;
				CLANG_WARN_INT_CONVERSION = YES;
				CLANG_WARN_OBJC_ROOT_CLASS = YES_ERROR;
				CLANG_WARN_SUSPICIOUS_MOVE = YES;
				CLANG_WARN_UNREACHABLE_CODE = YES;
				CLANG_WARN__DUPLICATE_METHOD_MATCH = YES;
				"CODE_SIGN_IDENTITY[sdk=iphoneos*]" = "iPhone Developer";
				COPY_PHASE_STRIP = NO;
				DEBUG_INFORMATION_FORMAT = dwarf;
				ENABLE_STRICT_OBJC_MSGSEND = YES;
				ENABLE_TESTABILITY = YES;
				GCC_C_LANGUAGE_STANDARD = gnu99;
				GCC_DYNAMIC_NO_PIC = NO;
				GCC_NO_COMMON_BLOCKS = YES;
				GCC_OPTIMIZATION_LEVEL = 0;
				GCC_PREPROCESSOR_DEFINITIONS = (
					"DEBUG=1",
					"$(inherited)",
				);
				GCC_WARN_64_TO_32_BIT_CONVERSION = YES;
				GCC_WARN_ABOUT_RETURN_TYPE = YES_ERROR;
				GCC_WARN_UNDECLARED_SELECTOR = YES;
				GCC_WARN_UNINITIALIZED_AUTOS = YES_AGGRESSIVE;
				GCC_WARN_UNUSED_FUNCTION = YES;
				GCC_WARN_UNUSED_VARIABLE = YES;
				IPHONEOS_DEPLOYMENT_TARGET = 10.2;
				MTL_ENABLE_DEBUG_INFO = YES;
				ONLY_ACTIVE_ARCH = YES;
				SDKROOT = iphoneos;
				SWIFT_ACTIVE_COMPILATION_CONDITIONS = DEBUG;
				SWIFT_OPTIMIZATION_LEVEL = "-Onone";
				TARGETED_DEVICE_FAMILY = "1,2";
			};
			name = Debug;
		};
		EC0205D31E952A2800EF2408 /* Release */ = {
			isa = XCBuildConfiguration;
			buildSettings = {
				ALWAYS_SEARCH_USER_PATHS = NO;
				CLANG_ANALYZER_NONNULL = YES;
				CLANG_CXX_LANGUAGE_STANDARD = "gnu++0x";
				CLANG_CXX_LIBRARY = "libc++";
				CLANG_ENABLE_MODULES = YES;
				CLANG_ENABLE_OBJC_ARC = YES;
				CLANG_WARN_BOOL_CONVERSION = YES;
				CLANG_WARN_CONSTANT_CONVERSION = YES;
				CLANG_WARN_DIRECT_OBJC_ISA_USAGE = YES_ERROR;
				CLANG_WARN_DOCUMENTATION_COMMENTS = YES;
				CLANG_WARN_EMPTY_BODY = YES;
				CLANG_WARN_ENUM_CONVERSION = YES;
				CLANG_WARN_INFINITE_RECURSION = YES;
				CLANG_WARN_INT_CONVERSION = YES;
				CLANG_WARN_OBJC_ROOT_CLASS = YES_ERROR;
				CLANG_WARN_SUSPICIOUS_MOVE = YES;
				CLANG_WARN_UNREACHABLE_CODE = YES;
				CLANG_WARN__DUPLICATE_METHOD_MATCH = YES;
				"CODE_SIGN_IDENTITY[sdk=iphoneos*]" = "iPhone Developer";
				COPY_PHASE_STRIP = NO;
				DEBUG_INFORMATION_FORMAT = "dwarf-with-dsym";
				ENABLE_NS_ASSERTIONS = NO;
				ENABLE_STRICT_OBJC_MSGSEND = YES;
				GCC_C_LANGUAGE_STANDARD = gnu99;
				GCC_NO_COMMON_BLOCKS = YES;
				GCC_WARN_64_TO_32_BIT_CONVERSION = YES;
				GCC_WARN_ABOUT_RETURN_TYPE = YES_ERROR;
				GCC_WARN_UNDECLARED_SELECTOR = YES;
				GCC_WARN_UNINITIALIZED_AUTOS = YES_AGGRESSIVE;
				GCC_WARN_UNUSED_FUNCTION = YES;
				GCC_WARN_UNUSED_VARIABLE = YES;
				IPHONEOS_DEPLOYMENT_TARGET = 10.2;
				MTL_ENABLE_DEBUG_INFO = NO;
				SDKROOT = iphoneos;
				SWIFT_OPTIMIZATION_LEVEL = "-Owholemodule";
				TARGETED_DEVICE_FAMILY = "1,2";
				VALIDATE_PRODUCT = YES;
			};
			name = Release;
		};
		EC0205D51E952A2800EF2408 /* Debug */ = {
			isa = XCBuildConfiguration;
			baseConfigurationReference = 018EE2C57071461E34E3ED4A /* Pods-Forecast.debug.xcconfig */;
			buildSettings = {
				ASSETCATALOG_COMPILER_APPICON_NAME = AppIcon;
				DEVELOPMENT_TEAM = UACC36B9X3;
				INFOPLIST_FILE = Forecast/Info.plist;
				IPHONEOS_DEPLOYMENT_TARGET = 9.3;
				LD_RUNPATH_SEARCH_PATHS = "$(inherited) @executable_path/Frameworks";
				PRODUCT_BUNDLE_IDENTIFIER = com.mbinet.Forecast;
				PRODUCT_NAME = "$(TARGET_NAME)";
				SWIFT_VERSION = 3.0;
			};
			name = Debug;
		};
		EC0205D61E952A2800EF2408 /* Release */ = {
			isa = XCBuildConfiguration;
			baseConfigurationReference = 3880FDF0F1FFB54389450ED7 /* Pods-Forecast.release.xcconfig */;
			buildSettings = {
				ASSETCATALOG_COMPILER_APPICON_NAME = AppIcon;
				DEVELOPMENT_TEAM = UACC36B9X3;
				INFOPLIST_FILE = Forecast/Info.plist;
				IPHONEOS_DEPLOYMENT_TARGET = 9.3;
				LD_RUNPATH_SEARCH_PATHS = "$(inherited) @executable_path/Frameworks";
				PRODUCT_BUNDLE_IDENTIFIER = com.mbinet.Forecast;
				PRODUCT_NAME = "$(TARGET_NAME)";
				SWIFT_VERSION = 3.0;
			};
			name = Release;
		};
		EC0205D81E952A2800EF2408 /* Debug */ = {
			isa = XCBuildConfiguration;
			baseConfigurationReference = 57FB8124565CD29CF7CF648B /* Pods-ForecastTests.debug.xcconfig */;
			buildSettings = {
				ALWAYS_EMBED_SWIFT_STANDARD_LIBRARIES = YES;
				BUNDLE_LOADER = "$(TEST_HOST)";
				INFOPLIST_FILE = ForecastTests/Info.plist;
				LD_RUNPATH_SEARCH_PATHS = "$(inherited) @executable_path/Frameworks @loader_path/Frameworks";
				PRODUCT_BUNDLE_IDENTIFIER = com.mbinet.ForecastTests;
				PRODUCT_NAME = "$(TARGET_NAME)";
				SWIFT_VERSION = 3.0;
				TEST_HOST = "$(BUILT_PRODUCTS_DIR)/Forecast.app/Forecast";
			};
			name = Debug;
		};
		EC0205D91E952A2800EF2408 /* Release */ = {
			isa = XCBuildConfiguration;
			baseConfigurationReference = 72563B65BB7206CE18CD49A8 /* Pods-ForecastTests.release.xcconfig */;
			buildSettings = {
				ALWAYS_EMBED_SWIFT_STANDARD_LIBRARIES = YES;
				BUNDLE_LOADER = "$(TEST_HOST)";
				INFOPLIST_FILE = ForecastTests/Info.plist;
				LD_RUNPATH_SEARCH_PATHS = "$(inherited) @executable_path/Frameworks @loader_path/Frameworks";
				PRODUCT_BUNDLE_IDENTIFIER = com.mbinet.ForecastTests;
				PRODUCT_NAME = "$(TARGET_NAME)";
				SWIFT_VERSION = 3.0;
				TEST_HOST = "$(BUILT_PRODUCTS_DIR)/Forecast.app/Forecast";
			};
			name = Release;
		};
		EC0205DB1E952A2800EF2408 /* Debug */ = {
			isa = XCBuildConfiguration;
			baseConfigurationReference = 26407969C2767238FBA32968 /* Pods-ForecastUITests.debug.xcconfig */;
			buildSettings = {
				ALWAYS_EMBED_SWIFT_STANDARD_LIBRARIES = YES;
				INFOPLIST_FILE = ForecastUITests/Info.plist;
				LD_RUNPATH_SEARCH_PATHS = "$(inherited) @executable_path/Frameworks @loader_path/Frameworks";
				PRODUCT_BUNDLE_IDENTIFIER = com.mbinet.ForecastUITests;
				PRODUCT_NAME = "$(TARGET_NAME)";
				SWIFT_VERSION = 3.0;
				TEST_TARGET_NAME = Forecast;
			};
			name = Debug;
		};
		EC0205DC1E952A2800EF2408 /* Release */ = {
			isa = XCBuildConfiguration;
			baseConfigurationReference = 9FF8308354199C1DF97DFAFB /* Pods-ForecastUITests.release.xcconfig */;
			buildSettings = {
				ALWAYS_EMBED_SWIFT_STANDARD_LIBRARIES = YES;
				INFOPLIST_FILE = ForecastUITests/Info.plist;
				LD_RUNPATH_SEARCH_PATHS = "$(inherited) @executable_path/Frameworks @loader_path/Frameworks";
				PRODUCT_BUNDLE_IDENTIFIER = com.mbinet.ForecastUITests;
				PRODUCT_NAME = "$(TARGET_NAME)";
				SWIFT_VERSION = 3.0;
				TEST_TARGET_NAME = Forecast;
			};
			name = Release;
		};
/* End XCBuildConfiguration section */

/* Begin XCConfigurationList section */
		EC0205A71E952A2700EF2408 /* Build configuration list for PBXProject "Forecast" */ = {
			isa = XCConfigurationList;
			buildConfigurations = (
				EC0205D21E952A2800EF2408 /* Debug */,
				EC0205D31E952A2800EF2408 /* Release */,
			);
			defaultConfigurationIsVisible = 0;
			defaultConfigurationName = Release;
		};
		EC0205D41E952A2800EF2408 /* Build configuration list for PBXNativeTarget "Forecast" */ = {
			isa = XCConfigurationList;
			buildConfigurations = (
				EC0205D51E952A2800EF2408 /* Debug */,
				EC0205D61E952A2800EF2408 /* Release */,
			);
			defaultConfigurationIsVisible = 0;
			defaultConfigurationName = Release;
		};
		EC0205D71E952A2800EF2408 /* Build configuration list for PBXNativeTarget "ForecastTests" */ = {
			isa = XCConfigurationList;
			buildConfigurations = (
				EC0205D81E952A2800EF2408 /* Debug */,
				EC0205D91E952A2800EF2408 /* Release */,
			);
			defaultConfigurationIsVisible = 0;
			defaultConfigurationName = Release;
		};
		EC0205DA1E952A2800EF2408 /* Build configuration list for PBXNativeTarget "ForecastUITests" */ = {
			isa = XCConfigurationList;
			buildConfigurations = (
				EC0205DB1E952A2800EF2408 /* Debug */,
				EC0205DC1E952A2800EF2408 /* Release */,
			);
			defaultConfigurationIsVisible = 0;
			defaultConfigurationName = Release;
		};
/* End XCConfigurationList section */
	};
	rootObject = EC0205A41E952A2700EF2408 /* Project object */;
}
